
Microsoft Visual Studio Solution File, Format Version 12.00
# Visual Studio 15
VisualStudioVersion = 15.0.27130.2036
MinimumVisualStudioVersion = 10.0.40219.1
Project("{FAE04EC0-301F-11D3-BF4B-00C04F79EFBC}") = "JoyconGlue", "JoyconGlue\JoyconGlue.csproj", "{7139FB4F-8C5D-4819-A58E-57A1FEEC55B6}"
EndProject
Project("{9A19103F-16F7-4668-BE54-9A1E7A4F7556}") = "SharpJoycon", "..\..\SharpJoycon\SharpJoycon\SharpJoycon.csproj", "{A6988C8B-64AA-4EE5-ACDC-2836D1DAC61B}"
EndProject
Global
	GlobalSection(SolutionConfigurationPlatforms) = preSolution
		Debug|Any CPU = Debug|Any CPU
		Release|Any CPU = Release|Any CPU
	EndGlobalSection
	GlobalSection(ProjectConfigurationPlatforms) = postSolution
		{7139FB4F-8C5D-4819-A58E-57A1FEEC55B6}.Debug|Any CPU.ActiveCfg = Debug|Any CPU
		{7139FB4F-8C5D-4819-A58E-57A1FEEC55B6}.Debug|Any CPU.Build.0 = Debug|Any CPU
		{7139FB4F-8C5D-4819-A58E-57A1FEEC55B6}.Release|Any CPU.ActiveCfg = Release|Any CPU
		{7139FB4F-8C5D-4819-A58E-57A1FEEC55B6}.Release|Any CPU.Build.0 = Release|Any CPU
		{A6988C8B-64AA-4EE5-ACDC-2836D1DAC61B}.Debug|Any CPU.ActiveCfg = Debug|Any CPU
		{A6988C8B-64AA-4EE5-ACDC-2836D1DAC61B}.Debug|Any CPU.Build.0 = Debug|Any CPU
		{A6988C8B-64AA-4EE5-ACDC-2836D1DAC61B}.Release|Any CPU.ActiveCfg = Release|Any CPU
		{A6988C8B-64AA-4EE5-ACDC-2836D1DAC61B}.Release|Any CPU.Build.0 = Release|Any CPU
	EndGlobalSection
	GlobalSection(SolutionProperties) = preSolution
		HideSolutionNode = FALSE
	EndGlobalSection
	GlobalSection(ExtensibilityGlobals) = postSolution
		SolutionGuid = {B5E10EA1-8D0A-45AD-8D2E-03CBFE8340E6}
	EndGlobalSection
EndGlobal
